
Microsoft Visual Studio Solution File, Format Version 12.00
# Visual Studio Version 16
VisualStudioVersion = 16.0.30413.136
MinimumVisualStudioVersion = 10.0.40219.1
Project("{FAE04EC0-301F-11D3-BF4B-00C04F79EFBC}") = "ProjetoFinalMVC", "ProjetoFinalMVC\ProjetoFinalMVC.csproj", "{90FE7A68-F5B5-48EF-9CA9-29216559B1E6}"
EndProject
Global
	GlobalSection(SolutionConfigurationPlatforms) = preSolution
		Debug|Any CPU = Debug|Any CPU
		Release|Any CPU = Release|Any CPU
	EndGlobalSection
	GlobalSection(ProjectConfigurationPlatforms) = postSolution
		{90FE7A68-F5B5-48EF-9CA9-29216559B1E6}.Debug|Any CPU.ActiveCfg = Debug|Any CPU
		{90FE7A68-F5B5-48EF-9CA9-29216559B1E6}.Debug|Any CPU.Build.0 = Debug|Any CPU
		{90FE7A68-F5B5-48EF-9CA9-29216559B1E6}.Release|Any CPU.ActiveCfg = Release|Any CPU
		{90FE7A68-F5B5-48EF-9CA9-29216559B1E6}.Release|Any CPU.Build.0 = Release|Any CPU
	EndGlobalSection
	GlobalSection(SolutionProperties) = preSolution
		HideSolutionNode = FALSE
	EndGlobalSection
	GlobalSection(ExtensibilityGlobals) = postSolution
		SolutionGuid = {5DA31811-2160-4DCC-8A76-54E7CBDC9FC9}
	EndGlobalSection
EndGlobal
